
Microsoft Visual Studio Solution File, Format Version 11.00
# Visual Studio 2010
Project("{FAE04EC0-301F-11D3-BF4B-00C04F79EFBC}") = "SteamVR", "SteamVR.csproj", "{d6f62fad-5eff-9dbf-81c7-65a7c03d069c}"
EndProject
Project("{FAE04EC0-301F-11D3-BF4B-00C04F79EFBC}") = "Assembly-CSharp", "Assembly-CSharp.csproj", "{f95b5a14-9ce4-e819-2e9a-7afd1abd8db8}"
EndProject
Project("{FAE04EC0-301F-11D3-BF4B-00C04F79EFBC}") = "SteamVR_Actions", "SteamVR_Actions.csproj", "{77620622-11b8-112f-1b45-6fa10a3e231b}"
EndProject
Project("{FAE04EC0-301F-11D3-BF4B-00C04F79EFBC}") = "Klak.Ndi", "Klak.Ndi.csproj", "{5b1e8000-f3d6-a4f3-5b51-67ae35d53e96}"
EndProject
Project("{FAE04EC0-301F-11D3-BF4B-00C04F79EFBC}") = "Assembly-CSharp-Editor", "Assembly-CSharp-Editor.csproj", "{c6a58b61-d9dc-d500-cb67-4cfd53ff6115}"
EndProject
Project("{FAE04EC0-301F-11D3-BF4B-00C04F79EFBC}") = "SteamVR_Input_Editor", "SteamVR_Input_Editor.csproj", "{49af993d-3f6b-60dc-2f9c-d5d880f4fab2}"
EndProject
Project("{FAE04EC0-301F-11D3-BF4B-00C04F79EFBC}") = "SteamVR_Editor", "SteamVR_Editor.csproj", "{f3c0281f-95ed-9d94-c7d2-9c078fac9aa9}"
EndProject
Project("{FAE04EC0-301F-11D3-BF4B-00C04F79EFBC}") = "Klak.Ndi.Editor", "Klak.Ndi.Editor.csproj", "{d410936d-ac26-d373-297e-642903ceb642}"
EndProject
Project("{FAE04EC0-301F-11D3-BF4B-00C04F79EFBC}") = "SteamVR_Windows_EditorHelper", "SteamVR_Windows_EditorHelper.csproj", "{751b839b-28b6-9d56-3141-1585a635b157}"
EndProject
Global
	GlobalSection(SolutionConfigurationPlatforms) = preSolution
		Debug|Any CPU = Debug|Any CPU
	EndGlobalSection
	GlobalSection(ProjectConfigurationPlatforms) = postSolution
		{d6f62fad-5eff-9dbf-81c7-65a7c03d069c}.Debug|Any CPU.ActiveCfg = Debug|Any CPU
		{d6f62fad-5eff-9dbf-81c7-65a7c03d069c}.Debug|Any CPU.Build.0 = Debug|Any CPU
		{f95b5a14-9ce4-e819-2e9a-7afd1abd8db8}.Debug|Any CPU.ActiveCfg = Debug|Any CPU
		{f95b5a14-9ce4-e819-2e9a-7afd1abd8db8}.Debug|Any CPU.Build.0 = Debug|Any CPU
		{77620622-11b8-112f-1b45-6fa10a3e231b}.Debug|Any CPU.ActiveCfg = Debug|Any CPU
		{77620622-11b8-112f-1b45-6fa10a3e231b}.Debug|Any CPU.Build.0 = Debug|Any CPU
		{5b1e8000-f3d6-a4f3-5b51-67ae35d53e96}.Debug|Any CPU.ActiveCfg = Debug|Any CPU
		{5b1e8000-f3d6-a4f3-5b51-67ae35d53e96}.Debug|Any CPU.Build.0 = Debug|Any CPU
		{c6a58b61-d9dc-d500-cb67-4cfd53ff6115}.Debug|Any CPU.ActiveCfg = Debug|Any CPU
		{c6a58b61-d9dc-d500-cb67-4cfd53ff6115}.Debug|Any CPU.Build.0 = Debug|Any CPU
		{49af993d-3f6b-60dc-2f9c-d5d880f4fab2}.Debug|Any CPU.ActiveCfg = Debug|Any CPU
		{49af993d-3f6b-60dc-2f9c-d5d880f4fab2}.Debug|Any CPU.Build.0 = Debug|Any CPU
		{f3c0281f-95ed-9d94-c7d2-9c078fac9aa9}.Debug|Any CPU.ActiveCfg = Debug|Any CPU
		{f3c0281f-95ed-9d94-c7d2-9c078fac9aa9}.Debug|Any CPU.Build.0 = Debug|Any CPU
		{d410936d-ac26-d373-297e-642903ceb642}.Debug|Any CPU.ActiveCfg = Debug|Any CPU
		{d410936d-ac26-d373-297e-642903ceb642}.Debug|Any CPU.Build.0 = Debug|Any CPU
		{751b839b-28b6-9d56-3141-1585a635b157}.Debug|Any CPU.ActiveCfg = Debug|Any CPU
		{751b839b-28b6-9d56-3141-1585a635b157}.Debug|Any CPU.Build.0 = Debug|Any CPU
	EndGlobalSection
	GlobalSection(SolutionProperties) = preSolution
		HideSolutionNode = FALSE
	EndGlobalSection
EndGlobal
